
Microsoft Visual Studio Solution File, Format Version 12.00
# Visual Studio Version 17
VisualStudioVersion = 17.14.36221.1 d17.14
MinimumVisualStudioVersion = 10.0.40219.1
Project("{FAE04EC0-301F-11D3-BF4B-00C04F79EFBC}") = "GeoFieldsApi", "GeoFieldsApi.csproj", "{7D6CEC9E-1C7F-4D2C-83AC-B87791076940}"
EndProject
Global
	GlobalSection(SolutionConfigurationPlatforms) = preSolution
		Debug|Any CPU = Debug|Any CPU
		Release|Any CPU = Release|Any CPU
	EndGlobalSection
	GlobalSection(ProjectConfigurationPlatforms) = postSolution
		{7D6CEC9E-1C7F-4D2C-83AC-B87791076940}.Debug|Any CPU.ActiveCfg = Debug|Any CPU
		{7D6CEC9E-1C7F-4D2C-83AC-B87791076940}.Debug|Any CPU.Build.0 = Debug|Any CPU
		{7D6CEC9E-1C7F-4D2C-83AC-B87791076940}.Release|Any CPU.ActiveCfg = Release|Any CPU
		{7D6CEC9E-1C7F-4D2C-83AC-B87791076940}.Release|Any CPU.Build.0 = Release|Any CPU
	EndGlobalSection
	GlobalSection(SolutionProperties) = preSolution
		HideSolutionNode = FALSE
	EndGlobalSection
	GlobalSection(ExtensibilityGlobals) = postSolution
		SolutionGuid = {CF4935CC-B075-4A22-A081-A6DF2E1061F2}
	EndGlobalSection
EndGlobal
